{
  "name": "evaluation-application",
  "lockfileVersion": 3,
  "requires": true,
  "packages": {
    "": {
      "dependencies": {
        "shepherd.js": "^11.2.0"
      }
    },
    "node_modules/@floating-ui/core": {
      "version": "1.6.0",
      "resolved": "https://registry.npmjs.org/@floating-ui/core/-/core-1.6.0.tgz",
      "integrity": "sha512-PcF++MykgmTj3CIyOQbKA/hDzOAiqI3mhuoN44WRCopIs1sgoDoU4oty4Jtqaj/y3oDU6fnVSm4QG0a3t5i0+g==",
      "dependencies": {
        "@floating-ui/utils": "^0.2.1"
      }
    },
    "node_modules/@floating-ui/dom": {
      "version": "1.6.3",
      "resolved": "https://registry.npmjs.org/@floating-ui/dom/-/dom-1.6.3.tgz",
      "integrity": "sha512-RnDthu3mzPlQ31Ss/BTwQ1zjzIhr3lk1gZB1OC56h/1vEtaXkESrOqL5fQVMfXpwGtRwX+YsZBdyHtJMQnkArw==",
      "dependencies": {
        "@floating-ui/core": "^1.0.0",
        "@floating-ui/utils": "^0.2.0"
      }
    },
    "node_modules/@floating-ui/utils": {
      "version": "0.2.1",
      "resolved": "https://registry.npmjs.org/@floating-ui/utils/-/utils-0.2.1.tgz",
      "integrity": "sha512-9TANp6GPoMtYzQdt54kfAyMmz1+osLlXdg2ENroU7zzrtflTLrrC/lgrIfaSe+Wu0b89GKccT7vxXA0MoAIO+Q=="
    },
    "node_modules/deepmerge": {
      "version": "4.3.1",
      "resolved": "https://registry.npmjs.org/deepmerge/-/deepmerge-4.3.1.tgz",
      "integrity": "sha512-3sUqbMEc77XqpdNO7FRyRog+eW3ph+GYCbj+rK+uYyRMuwsVy0rMiVtPn+QJlKFvWP/1PYpapqYn0Me2knFn+A==",
      "engines": {
        "node": ">=0.10.0"
      }
    },
    "node_modules/shepherd.js": {
      "version": "11.2.0",
      "resolved": "https://registry.npmjs.org/shepherd.js/-/shepherd.js-11.2.0.tgz",
      "integrity": "sha512-2hbz3N7GuuTjI7y3sfnoqKnH0cNhExx67IJtCTGQI2KhBEyvegsDYW5qjj5BlvvVtQjmL/O/J1GQEciwfoZWpw==",
      "dependencies": {
        "@floating-ui/dom": "^1.5.1",
        "deepmerge": "^4.3.1"
      },
      "engines": {
        "node": "16.* || >= 18"
      },
      "funding": {
        "type": "individual",
        "url": "https://github.com/sponsors/RobbieTheWagner"
      }
    }
  }
}
